
Microsoft Visual Studio Solution File, Format Version 12.00
# Visual Studio 15
VisualStudioVersion = 15.0.27703.2018
MinimumVisualStudioVersion = 10.0.40219.1
Project("{FAE04EC0-301F-11D3-BF4B-00C04F79EFBC}") = "VJP_App", "VJP_App\VJP_App.csproj", "{C08C9971-603A-49B5-BE85-2E3607E0CD25}"
EndProject
Project("{FAE04EC0-301F-11D3-BF4B-00C04F79EFBC}") = "VJP_Entity", "VJP_Entity\VJP_Entity.csproj", "{616FEF24-6DB1-40FB-92FC-24B29270999A}"
EndProject
Project("{FAE04EC0-301F-11D3-BF4B-00C04F79EFBC}") = "VJP_Interface", "VJP_Interface\VJP_Interface.csproj", "{62CC6B46-7B77-4517-89E3-5A2B4D6696E1}"
EndProject
Project("{FAE04EC0-301F-11D3-BF4B-00C04F79EFBC}") = "VJP_Repository", "VJP_Repository\VJP_Repository.csproj", "{A5938C8A-87C3-4F83-A29B-584397F9B2D4}"
EndProject
Global
	GlobalSection(SolutionConfigurationPlatforms) = preSolution
		Debug|Any CPU = Debug|Any CPU
		Release|Any CPU = Release|Any CPU
	EndGlobalSection
	GlobalSection(ProjectConfigurationPlatforms) = postSolution
		{C08C9971-603A-49B5-BE85-2E3607E0CD25}.Debug|Any CPU.ActiveCfg = Debug|Any CPU
		{C08C9971-603A-49B5-BE85-2E3607E0CD25}.Debug|Any CPU.Build.0 = Debug|Any CPU
		{C08C9971-603A-49B5-BE85-2E3607E0CD25}.Release|Any CPU.ActiveCfg = Release|Any CPU
		{C08C9971-603A-49B5-BE85-2E3607E0CD25}.Release|Any CPU.Build.0 = Release|Any CPU
		{616FEF24-6DB1-40FB-92FC-24B29270999A}.Debug|Any CPU.ActiveCfg = Debug|Any CPU
		{616FEF24-6DB1-40FB-92FC-24B29270999A}.Debug|Any CPU.Build.0 = Debug|Any CPU
		{616FEF24-6DB1-40FB-92FC-24B29270999A}.Release|Any CPU.ActiveCfg = Release|Any CPU
		{616FEF24-6DB1-40FB-92FC-24B29270999A}.Release|Any CPU.Build.0 = Release|Any CPU
		{62CC6B46-7B77-4517-89E3-5A2B4D6696E1}.Debug|Any CPU.ActiveCfg = Debug|Any CPU
		{62CC6B46-7B77-4517-89E3-5A2B4D6696E1}.Debug|Any CPU.Build.0 = Debug|Any CPU
		{62CC6B46-7B77-4517-89E3-5A2B4D6696E1}.Release|Any CPU.ActiveCfg = Release|Any CPU
		{62CC6B46-7B77-4517-89E3-5A2B4D6696E1}.Release|Any CPU.Build.0 = Release|Any CPU
		{A5938C8A-87C3-4F83-A29B-584397F9B2D4}.Debug|Any CPU.ActiveCfg = Debug|Any CPU
		{A5938C8A-87C3-4F83-A29B-584397F9B2D4}.Debug|Any CPU.Build.0 = Debug|Any CPU
		{A5938C8A-87C3-4F83-A29B-584397F9B2D4}.Release|Any CPU.ActiveCfg = Release|Any CPU
		{A5938C8A-87C3-4F83-A29B-584397F9B2D4}.Release|Any CPU.Build.0 = Release|Any CPU
	EndGlobalSection
	GlobalSection(SolutionProperties) = preSolution
		HideSolutionNode = FALSE
	EndGlobalSection
	GlobalSection(ExtensibilityGlobals) = postSolution
		SolutionGuid = {66AD900E-DEFC-420D-98A6-9440FDE0B180}
	EndGlobalSection
EndGlobal
